
Microsoft Visual Studio Solution File, Format Version 12.00
# Visual Studio Version 16
VisualStudioVersion = 16.0.30907.101
MinimumVisualStudioVersion = 10.0.40219.1
Project("{9A19103F-16F7-4668-BE54-9A1E7A4F7556}") = "Task1", "Task1.csproj", "{C1C19A0F-9EAA-4459-8FE3-F35086C32E63}"
EndProject
Project("{FAE04EC0-301F-11D3-BF4B-00C04F79EFBC}") = "Task1.1", "..\Task1.1\Task1.1.csproj", "{E1A0A900-07C5-41C7-B6DC-E1BBBC64D5D5}"
EndProject
Project("{FAE04EC0-301F-11D3-BF4B-00C04F79EFBC}") = "Sum", "..\Sum\Sum.csproj", "{A45D4027-3908-423E-A03F-10A30F637A85}"
EndProject
Project("{FAE04EC0-301F-11D3-BF4B-00C04F79EFBC}") = "MyLibrary", "..\MyLibrary\MyLibrary.csproj", "{DE2ABAAC-7B49-4258-A0EC-1468865E6C54}"
EndProject
Global
	GlobalSection(SolutionConfigurationPlatforms) = preSolution
		Debug|Any CPU = Debug|Any CPU
		Release|Any CPU = Release|Any CPU
	EndGlobalSection
	GlobalSection(ProjectConfigurationPlatforms) = postSolution
		{C1C19A0F-9EAA-4459-8FE3-F35086C32E63}.Debug|Any CPU.ActiveCfg = Debug|Any CPU
		{C1C19A0F-9EAA-4459-8FE3-F35086C32E63}.Debug|Any CPU.Build.0 = Debug|Any CPU
		{C1C19A0F-9EAA-4459-8FE3-F35086C32E63}.Release|Any CPU.ActiveCfg = Release|Any CPU
		{C1C19A0F-9EAA-4459-8FE3-F35086C32E63}.Release|Any CPU.Build.0 = Release|Any CPU
		{E1A0A900-07C5-41C7-B6DC-E1BBBC64D5D5}.Debug|Any CPU.ActiveCfg = Debug|Any CPU
		{E1A0A900-07C5-41C7-B6DC-E1BBBC64D5D5}.Debug|Any CPU.Build.0 = Debug|Any CPU
		{E1A0A900-07C5-41C7-B6DC-E1BBBC64D5D5}.Release|Any CPU.ActiveCfg = Release|Any CPU
		{E1A0A900-07C5-41C7-B6DC-E1BBBC64D5D5}.Release|Any CPU.Build.0 = Release|Any CPU
		{A45D4027-3908-423E-A03F-10A30F637A85}.Debug|Any CPU.ActiveCfg = Debug|Any CPU
		{A45D4027-3908-423E-A03F-10A30F637A85}.Debug|Any CPU.Build.0 = Debug|Any CPU
		{A45D4027-3908-423E-A03F-10A30F637A85}.Release|Any CPU.ActiveCfg = Release|Any CPU
		{A45D4027-3908-423E-A03F-10A30F637A85}.Release|Any CPU.Build.0 = Release|Any CPU
		{DE2ABAAC-7B49-4258-A0EC-1468865E6C54}.Debug|Any CPU.ActiveCfg = Debug|Any CPU
		{DE2ABAAC-7B49-4258-A0EC-1468865E6C54}.Debug|Any CPU.Build.0 = Debug|Any CPU
		{DE2ABAAC-7B49-4258-A0EC-1468865E6C54}.Release|Any CPU.ActiveCfg = Release|Any CPU
		{DE2ABAAC-7B49-4258-A0EC-1468865E6C54}.Release|Any CPU.Build.0 = Release|Any CPU
	EndGlobalSection
	GlobalSection(SolutionProperties) = preSolution
		HideSolutionNode = FALSE
	EndGlobalSection
	GlobalSection(ExtensibilityGlobals) = postSolution
		SolutionGuid = {13885472-50E5-4D81-BF8F-59775BA4DAE6}
	EndGlobalSection
EndGlobal
