
Microsoft Visual Studio Solution File, Format Version 12.00
# Visual Studio Version 16
VisualStudioVersion = 16.0.30907.101
MinimumVisualStudioVersion = 10.0.40219.1
Project("{9A19103F-16F7-4668-BE54-9A1E7A4F7556}") = "Task1", "Task1.csproj", "{C1C19A0F-9EAA-4459-8FE3-F35086C32E63}"
EndProject
Project("{FAE04EC0-301F-11D3-BF4B-00C04F79EFBC}") = "Task1.1", "..\Task1.1\Task1.1.csproj", "{E1A0A900-07C5-41C7-B6DC-E1BBBC64D5D5}"
EndProject
Project("{FAE04EC0-301F-11D3-BF4B-00C04F79EFBC}") = "Sum", "..\Sum\Sum.csproj", "{A45D4027-3908-423E-A03F-10A30F637A85}"
EndProject
Project("{FAE04EC0-301F-11D3-BF4B-00C04F79EFBC}") = "MyLibrary", "..\MyLibrary\MyLibrary.csproj", "{DE2ABAAC-7B49-4258-A0EC-1468865E6C54}"
EndProject
Project("{FAE04EC0-301F-11D3-BF4B-00C04F79EFBC}") = "Sqr", "..\Sqr\Sqr.csproj", "{6F03900E-D99C-4F25-A80F-2F20DFE6907E}"
EndProject
Project("{FAE04EC0-301F-11D3-BF4B-00C04F79EFBC}") = "kvadratnoeUravnenie", "..\kvadratnoeUravnenie\kvadratnoeUravnenie.csproj", "{BFC7317F-BE0D-4CA4-A4DE-EB0FBFAA0F74}"
EndProject
Project("{FAE04EC0-301F-11D3-BF4B-00C04F79EFBC}") = "DvePeremennii", "..\DvePeremennii\DvePeremennii.csproj", "{697A9EB8-2391-4C5A-B3A0-FC018B97A3E7}"
EndProject
Project("{FAE04EC0-301F-11D3-BF4B-00C04F79EFBC}") = "ChetnostChisla", "..\ChetnostChisla\ChetnostChisla.csproj", "{62636786-863B-408F-935E-ED4C24811DB4}"
EndProject
Project("{FAE04EC0-301F-11D3-BF4B-00C04F79EFBC}") = "Peregruzka", "..\Peregruzka\Peregruzka.csproj", "{7D0D2469-5F4E-4F4D-9844-E0773942AA8F}"
EndProject
Project("{FAE04EC0-301F-11D3-BF4B-00C04F79EFBC}") = "PlochadTriugolnika", "..\PlochadTriugolnika\PlochadTriugolnika.csproj", "{698B4415-6E58-4096-9474-29D344AB720D}"
EndProject
Project("{FAE04EC0-301F-11D3-BF4B-00C04F79EFBC}") = "HomeWork", "..\HomeWork\HomeWork.csproj", "{C4CAC4D9-BF92-4C1A-A127-2B7B973AA878}"
EndProject
Global
	GlobalSection(SolutionConfigurationPlatforms) = preSolution
		Debug|Any CPU = Debug|Any CPU
		Release|Any CPU = Release|Any CPU
	EndGlobalSection
	GlobalSection(ProjectConfigurationPlatforms) = postSolution
		{C1C19A0F-9EAA-4459-8FE3-F35086C32E63}.Debug|Any CPU.ActiveCfg = Debug|Any CPU
		{C1C19A0F-9EAA-4459-8FE3-F35086C32E63}.Debug|Any CPU.Build.0 = Debug|Any CPU
		{C1C19A0F-9EAA-4459-8FE3-F35086C32E63}.Release|Any CPU.ActiveCfg = Release|Any CPU
		{C1C19A0F-9EAA-4459-8FE3-F35086C32E63}.Release|Any CPU.Build.0 = Release|Any CPU
		{E1A0A900-07C5-41C7-B6DC-E1BBBC64D5D5}.Debug|Any CPU.ActiveCfg = Debug|Any CPU
		{E1A0A900-07C5-41C7-B6DC-E1BBBC64D5D5}.Debug|Any CPU.Build.0 = Debug|Any CPU
		{E1A0A900-07C5-41C7-B6DC-E1BBBC64D5D5}.Release|Any CPU.ActiveCfg = Release|Any CPU
		{E1A0A900-07C5-41C7-B6DC-E1BBBC64D5D5}.Release|Any CPU.Build.0 = Release|Any CPU
		{A45D4027-3908-423E-A03F-10A30F637A85}.Debug|Any CPU.ActiveCfg = Debug|Any CPU
		{A45D4027-3908-423E-A03F-10A30F637A85}.Debug|Any CPU.Build.0 = Debug|Any CPU
		{A45D4027-3908-423E-A03F-10A30F637A85}.Release|Any CPU.ActiveCfg = Release|Any CPU
		{A45D4027-3908-423E-A03F-10A30F637A85}.Release|Any CPU.Build.0 = Release|Any CPU
		{DE2ABAAC-7B49-4258-A0EC-1468865E6C54}.Debug|Any CPU.ActiveCfg = Debug|Any CPU
		{DE2ABAAC-7B49-4258-A0EC-1468865E6C54}.Debug|Any CPU.Build.0 = Debug|Any CPU
		{DE2ABAAC-7B49-4258-A0EC-1468865E6C54}.Release|Any CPU.ActiveCfg = Release|Any CPU
		{DE2ABAAC-7B49-4258-A0EC-1468865E6C54}.Release|Any CPU.Build.0 = Release|Any CPU
		{6F03900E-D99C-4F25-A80F-2F20DFE6907E}.Debug|Any CPU.ActiveCfg = Debug|Any CPU
		{6F03900E-D99C-4F25-A80F-2F20DFE6907E}.Debug|Any CPU.Build.0 = Debug|Any CPU
		{6F03900E-D99C-4F25-A80F-2F20DFE6907E}.Release|Any CPU.ActiveCfg = Release|Any CPU
		{6F03900E-D99C-4F25-A80F-2F20DFE6907E}.Release|Any CPU.Build.0 = Release|Any CPU
		{BFC7317F-BE0D-4CA4-A4DE-EB0FBFAA0F74}.Debug|Any CPU.ActiveCfg = Debug|Any CPU
		{BFC7317F-BE0D-4CA4-A4DE-EB0FBFAA0F74}.Debug|Any CPU.Build.0 = Debug|Any CPU
		{BFC7317F-BE0D-4CA4-A4DE-EB0FBFAA0F74}.Release|Any CPU.ActiveCfg = Release|Any CPU
		{BFC7317F-BE0D-4CA4-A4DE-EB0FBFAA0F74}.Release|Any CPU.Build.0 = Release|Any CPU
		{697A9EB8-2391-4C5A-B3A0-FC018B97A3E7}.Debug|Any CPU.ActiveCfg = Debug|Any CPU
		{697A9EB8-2391-4C5A-B3A0-FC018B97A3E7}.Debug|Any CPU.Build.0 = Debug|Any CPU
		{697A9EB8-2391-4C5A-B3A0-FC018B97A3E7}.Release|Any CPU.ActiveCfg = Release|Any CPU
		{697A9EB8-2391-4C5A-B3A0-FC018B97A3E7}.Release|Any CPU.Build.0 = Release|Any CPU
		{62636786-863B-408F-935E-ED4C24811DB4}.Debug|Any CPU.ActiveCfg = Debug|Any CPU
		{62636786-863B-408F-935E-ED4C24811DB4}.Debug|Any CPU.Build.0 = Debug|Any CPU
		{62636786-863B-408F-935E-ED4C24811DB4}.Release|Any CPU.ActiveCfg = Release|Any CPU
		{62636786-863B-408F-935E-ED4C24811DB4}.Release|Any CPU.Build.0 = Release|Any CPU
		{7D0D2469-5F4E-4F4D-9844-E0773942AA8F}.Debug|Any CPU.ActiveCfg = Debug|Any CPU
		{7D0D2469-5F4E-4F4D-9844-E0773942AA8F}.Debug|Any CPU.Build.0 = Debug|Any CPU
		{7D0D2469-5F4E-4F4D-9844-E0773942AA8F}.Release|Any CPU.ActiveCfg = Release|Any CPU
		{7D0D2469-5F4E-4F4D-9844-E0773942AA8F}.Release|Any CPU.Build.0 = Release|Any CPU
		{698B4415-6E58-4096-9474-29D344AB720D}.Debug|Any CPU.ActiveCfg = Debug|Any CPU
		{698B4415-6E58-4096-9474-29D344AB720D}.Debug|Any CPU.Build.0 = Debug|Any CPU
		{698B4415-6E58-4096-9474-29D344AB720D}.Release|Any CPU.ActiveCfg = Release|Any CPU
		{698B4415-6E58-4096-9474-29D344AB720D}.Release|Any CPU.Build.0 = Release|Any CPU
		{C4CAC4D9-BF92-4C1A-A127-2B7B973AA878}.Debug|Any CPU.ActiveCfg = Debug|Any CPU
		{C4CAC4D9-BF92-4C1A-A127-2B7B973AA878}.Debug|Any CPU.Build.0 = Debug|Any CPU
		{C4CAC4D9-BF92-4C1A-A127-2B7B973AA878}.Release|Any CPU.ActiveCfg = Release|Any CPU
		{C4CAC4D9-BF92-4C1A-A127-2B7B973AA878}.Release|Any CPU.Build.0 = Release|Any CPU
	EndGlobalSection
	GlobalSection(SolutionProperties) = preSolution
		HideSolutionNode = FALSE
	EndGlobalSection
	GlobalSection(ExtensibilityGlobals) = postSolution
		SolutionGuid = {13885472-50E5-4D81-BF8F-59775BA4DAE6}
	EndGlobalSection
EndGlobal
